
Microsoft Visual Studio Solution File, Format Version 11.00
# Visual C# Express 2010
Project("{FAE04EC0-301F-11D3-BF4B-00C04F79EFBC}") = "MainMenu", "MainMenu\MainMenu\MainMenu.csproj", "{5098D9B1-7F04-4C1C-95FA-30E77B0C884D}"
EndProject
Project("{96E2B04D-8817-42C6-938A-82C39BA4D311}") = "MainMenuContent", "MainMenu\MainMenuContent\MainMenuContent.contentproj", "{0393739B-7086-4651-B967-7E5CEEDC7661}"
EndProject
Global
	GlobalSection(SolutionConfigurationPlatforms) = preSolution
		Debug|x86 = Debug|x86
		Release|x86 = Release|x86
	EndGlobalSection
	GlobalSection(ProjectConfigurationPlatforms) = postSolution
		{5098D9B1-7F04-4C1C-95FA-30E77B0C884D}.Debug|x86.ActiveCfg = Debug|x86
		{5098D9B1-7F04-4C1C-95FA-30E77B0C884D}.Debug|x86.Build.0 = Debug|x86
		{5098D9B1-7F04-4C1C-95FA-30E77B0C884D}.Release|x86.ActiveCfg = Release|x86
		{5098D9B1-7F04-4C1C-95FA-30E77B0C884D}.Release|x86.Build.0 = Release|x86
		{0393739B-7086-4651-B967-7E5CEEDC7661}.Debug|x86.ActiveCfg = Debug|x86
		{0393739B-7086-4651-B967-7E5CEEDC7661}.Release|x86.ActiveCfg = Release|x86
	EndGlobalSection
	GlobalSection(SolutionProperties) = preSolution
		HideSolutionNode = FALSE
	EndGlobalSection
EndGlobal
